
Microsoft Visual Studio Solution File, Format Version 12.00
# Visual Studio Version 16
VisualStudioVersion = 16.0.31911.196
MinimumVisualStudioVersion = 10.0.40219.1
Project("{9A19103F-16F7-4668-BE54-9A1E7A4F7556}") = "RestExercise2", "RestExercise2\RestExercise2.csproj", "{83547DE8-8D53-4547-8600-897128307555}"
EndProject
Project("{FAE04EC0-301F-11D3-BF4B-00C04F79EFBC}") = "RestExercise3", "RestExercise3\RestExercise3.csproj", "{CFA908B5-B52E-4FC9-B847-E3EAE4101F02}"
EndProject
Global
	GlobalSection(SolutionConfigurationPlatforms) = preSolution
		Debug|Any CPU = Debug|Any CPU
		Release|Any CPU = Release|Any CPU
	EndGlobalSection
	GlobalSection(ProjectConfigurationPlatforms) = postSolution
		{83547DE8-8D53-4547-8600-897128307555}.Debug|Any CPU.ActiveCfg = Debug|Any CPU
		{83547DE8-8D53-4547-8600-897128307555}.Debug|Any CPU.Build.0 = Debug|Any CPU
		{83547DE8-8D53-4547-8600-897128307555}.Release|Any CPU.ActiveCfg = Release|Any CPU
		{83547DE8-8D53-4547-8600-897128307555}.Release|Any CPU.Build.0 = Release|Any CPU
		{CFA908B5-B52E-4FC9-B847-E3EAE4101F02}.Debug|Any CPU.ActiveCfg = Debug|Any CPU
		{CFA908B5-B52E-4FC9-B847-E3EAE4101F02}.Debug|Any CPU.Build.0 = Debug|Any CPU
		{CFA908B5-B52E-4FC9-B847-E3EAE4101F02}.Release|Any CPU.ActiveCfg = Release|Any CPU
		{CFA908B5-B52E-4FC9-B847-E3EAE4101F02}.Release|Any CPU.Build.0 = Release|Any CPU
	EndGlobalSection
	GlobalSection(SolutionProperties) = preSolution
		HideSolutionNode = FALSE
	EndGlobalSection
	GlobalSection(ExtensibilityGlobals) = postSolution
		SolutionGuid = {D017F7BD-34DA-40E1-BC69-2989A1C8417C}
	EndGlobalSection
EndGlobal
